<Solution>
  <Folder Name="/src/">
    <Project Path="src/CSweet.WebHost.BrowserProbe/CSweet.WebHost.BrowserProbe.csproj" />
  </Folder><Project Path="src/CSweet.WebHost.Core/CSweet.WebHost.Core.csproj" /><Project Path="src/CSweet.WebHost.Node/CSweet.WebHost.Node.csproj" /><Project Path="tests/CSweet.WebHost.Tests/CSweet.WebHost.Tests.csproj" /><Project Path="src/CSweet.WebHost.Runtime.HyperV/CSweet.WebHost.Runtime.HyperV.csproj" /><Project Path="src/CSweet.WebHost.ProductGuest/CSweet.WebHost.ProductGuest.csproj" /><Project Path="src/CSweet.WebHost.RuntimeHost/CSweet.WebHost.RuntimeHost.csproj" /></Solution>